
Microsoft Visual Studio Solution File, Format Version 12.00
# Visual Studio Version 17
VisualStudioVersion = 17.13.35919.96 d17.13
MinimumVisualStudioVersion = 10.0.40219.1
Project("{2150E333-8FDC-42A3-9474-1A3956D46DE8}") = "EShop", "EShop", "{02EA681E-C7D8-13C7-8484-4AC65E1B71E8}"
EndProject
Project("{FAE04EC0-301F-11D3-BF4B-00C04F79EFBC}") = "EShop.Web", "EShop.Web\EShop.Web.csproj", "{9D814F27-17AB-49D7-99DE-7A22E2DEDD56}"
EndProject
Global
	GlobalSection(SolutionConfigurationPlatforms) = preSolution
		Debug|Any CPU = Debug|Any CPU
		Release|Any CPU = Release|Any CPU
	EndGlobalSection
	GlobalSection(ProjectConfigurationPlatforms) = postSolution
		{9D814F27-17AB-49D7-99DE-7A22E2DEDD56}.Debug|Any CPU.ActiveCfg = Debug|Any CPU
		{9D814F27-17AB-49D7-99DE-7A22E2DEDD56}.Debug|Any CPU.Build.0 = Debug|Any CPU
		{9D814F27-17AB-49D7-99DE-7A22E2DEDD56}.Release|Any CPU.ActiveCfg = Release|Any CPU
		{9D814F27-17AB-49D7-99DE-7A22E2DEDD56}.Release|Any CPU.Build.0 = Release|Any CPU
	EndGlobalSection
	GlobalSection(SolutionProperties) = preSolution
		HideSolutionNode = FALSE
	EndGlobalSection
	GlobalSection(NestedProjects) = preSolution
		{9D814F27-17AB-49D7-99DE-7A22E2DEDD56} = {02EA681E-C7D8-13C7-8484-4AC65E1B71E8}
	EndGlobalSection
	GlobalSection(ExtensibilityGlobals) = postSolution
		SolutionGuid = {CFFFDB3E-62B9-4841-B6C6-9BD6F9DAED0A}
	EndGlobalSection
EndGlobal
