
Microsoft Visual Studio Solution File, Format Version 12.00
# Visual Studio Version 17
VisualStudioVersion = 17.9.34728.123
MinimumVisualStudioVersion = 10.0.40219.1
Project("{9A19103F-16F7-4668-BE54-9A1E7A4F7556}") = "Domain", "Domain\Domain.csproj", "{9AC2CAB5-8D7D-43F5-A689-EBC4A775E74C}"
EndProject
Project("{FAE04EC0-301F-11D3-BF4B-00C04F79EFBC}") = "Web App", "Web App\Web App.csproj", "{779494D1-D70E-45AC-82D2-1C37D8721953}"
EndProject
Global
	GlobalSection(SolutionConfigurationPlatforms) = preSolution
		Debug|Any CPU = Debug|Any CPU
		Release|Any CPU = Release|Any CPU
	EndGlobalSection
	GlobalSection(ProjectConfigurationPlatforms) = postSolution
		{9AC2CAB5-8D7D-43F5-A689-EBC4A775E74C}.Debug|Any CPU.ActiveCfg = Debug|Any CPU
		{9AC2CAB5-8D7D-43F5-A689-EBC4A775E74C}.Debug|Any CPU.Build.0 = Debug|Any CPU
		{9AC2CAB5-8D7D-43F5-A689-EBC4A775E74C}.Release|Any CPU.ActiveCfg = Release|Any CPU
		{9AC2CAB5-8D7D-43F5-A689-EBC4A775E74C}.Release|Any CPU.Build.0 = Release|Any CPU
		{779494D1-D70E-45AC-82D2-1C37D8721953}.Debug|Any CPU.ActiveCfg = Debug|Any CPU
		{779494D1-D70E-45AC-82D2-1C37D8721953}.Debug|Any CPU.Build.0 = Debug|Any CPU
		{779494D1-D70E-45AC-82D2-1C37D8721953}.Release|Any CPU.ActiveCfg = Release|Any CPU
		{779494D1-D70E-45AC-82D2-1C37D8721953}.Release|Any CPU.Build.0 = Release|Any CPU
	EndGlobalSection
	GlobalSection(SolutionProperties) = preSolution
		HideSolutionNode = FALSE
	EndGlobalSection
	GlobalSection(ExtensibilityGlobals) = postSolution
		SolutionGuid = {4BAD9BCE-5A4D-442A-ABF6-6762B04E45A3}
	EndGlobalSection
EndGlobal
